
Microsoft Visual Studio Solution File, Format Version 12.00
# Visual Studio Version 16
VisualStudioVersion = 16.0.30320.27
MinimumVisualStudioVersion = 10.0.40219.1
Project("{FAE04EC0-301F-11D3-BF4B-00C04F79EFBC}") = "AdvanceToDoList", "AdvanceToDoList\AdvanceToDoList.csproj", "{C7DC9801-F72B-47AF-AE60-91DEDAAD54CE}"
EndProject
Project("{FAE04EC0-301F-11D3-BF4B-00C04F79EFBC}") = "AdvanceToDoListHost", "AdvanceToDoListHost\AdvanceToDoListHost.csproj", "{8AE520BB-C46F-415D-BC0B-960821A88A35}"
EndProject
Project("{FAE04EC0-301F-11D3-BF4B-00C04F79EFBC}") = "AdvanceToDoListClient", "AdvanceToDoListClient\AdvanceToDoListClient.csproj", "{9595CCB7-4833-40DF-972A-1E9829C4891D}"
	ProjectSection(ProjectDependencies) = postProject
		{C7DC9801-F72B-47AF-AE60-91DEDAAD54CE} = {C7DC9801-F72B-47AF-AE60-91DEDAAD54CE}
	EndProjectSection
EndProject
Global
	GlobalSection(SolutionConfigurationPlatforms) = preSolution
		Debug|Any CPU = Debug|Any CPU
		Release|Any CPU = Release|Any CPU
	EndGlobalSection
	GlobalSection(ProjectConfigurationPlatforms) = postSolution
		{C7DC9801-F72B-47AF-AE60-91DEDAAD54CE}.Debug|Any CPU.ActiveCfg = Debug|Any CPU
		{C7DC9801-F72B-47AF-AE60-91DEDAAD54CE}.Debug|Any CPU.Build.0 = Debug|Any CPU
		{C7DC9801-F72B-47AF-AE60-91DEDAAD54CE}.Release|Any CPU.ActiveCfg = Release|Any CPU
		{C7DC9801-F72B-47AF-AE60-91DEDAAD54CE}.Release|Any CPU.Build.0 = Release|Any CPU
		{8AE520BB-C46F-415D-BC0B-960821A88A35}.Debug|Any CPU.ActiveCfg = Debug|Any CPU
		{8AE520BB-C46F-415D-BC0B-960821A88A35}.Debug|Any CPU.Build.0 = Debug|Any CPU
		{8AE520BB-C46F-415D-BC0B-960821A88A35}.Release|Any CPU.ActiveCfg = Release|Any CPU
		{8AE520BB-C46F-415D-BC0B-960821A88A35}.Release|Any CPU.Build.0 = Release|Any CPU
		{9595CCB7-4833-40DF-972A-1E9829C4891D}.Debug|Any CPU.ActiveCfg = Debug|Any CPU
		{9595CCB7-4833-40DF-972A-1E9829C4891D}.Debug|Any CPU.Build.0 = Debug|Any CPU
		{9595CCB7-4833-40DF-972A-1E9829C4891D}.Release|Any CPU.ActiveCfg = Release|Any CPU
		{9595CCB7-4833-40DF-972A-1E9829C4891D}.Release|Any CPU.Build.0 = Release|Any CPU
	EndGlobalSection
	GlobalSection(SolutionProperties) = preSolution
		HideSolutionNode = FALSE
	EndGlobalSection
	GlobalSection(ExtensibilityGlobals) = postSolution
		SolutionGuid = {19C48772-993B-4454-AC8A-0A486B43C979}
	EndGlobalSection
EndGlobal
